
Microsoft Visual Studio Solution File, Format Version 12.00
# Visual Studio Version 17
VisualStudioVersion = 17.11.35303.130
MinimumVisualStudioVersion = 10.0.40219.1
Project("{2150E333-8FDC-42A3-9474-1A3956D46DE8}") = "Task0", "Task0", "{FA7297D9-8BAE-4C21-985F-FA9188ACB4BC}"
EndProject
Project("{9A19103F-16F7-4668-BE54-9A1E7A4F7556}") = "Tyuiu.GizatullinAP.Sprint0.Task0.V0", "Tyuiu.GizatullinAP.Sprint0.Task0.V0\Tyuiu.GizatullinAP.Sprint0.Task0.V0.csproj", "{C51C3B51-B00A-4A7B-9C63-479A3E2914EC}"
EndProject
Project("{2150E333-8FDC-42A3-9474-1A3956D46DE8}") = "Task1", "Task1", "{F3796280-E0A4-4587-B51D-08948F5E03CF}"
EndProject
Project("{9A19103F-16F7-4668-BE54-9A1E7A4F7556}") = "Tyuiu.GizatullinAP.Sprint0.Task1.V0", "Tyuiu.GizatullinAP.Sprint0.Task1.V0\Tyuiu.GizatullinAP.Sprint0.Task1.V0.csproj", "{20891228-1772-48EB-980A-F981CDB461DD}"
EndProject
Project("{2150E333-8FDC-42A3-9474-1A3956D46DE8}") = "Task2", "Task2", "{7371A664-B981-4B98-A85E-0A5968E34D7B}"
EndProject
Project("{9A19103F-16F7-4668-BE54-9A1E7A4F7556}") = "Tyuiu.GizatullinAP.Sprint0.Task2.V0", "Tyuiu.GizatullinAP.Sprint0.Task2.V0\Tyuiu.GizatullinAP.Sprint0.Task2.V0.csproj", "{6CB8D7D1-92E1-45AB-A07C-28946227B627}"
EndProject
Project("{9A19103F-16F7-4668-BE54-9A1E7A4F7556}") = "Tyuiu.GizatullinAP.Sprint0.Task2.V0.Lib", "Tyuiu.GizatullinAP.Sprint0.Task2.V0.Lib\Tyuiu.GizatullinAP.Sprint0.Task2.V0.Lib.csproj", "{BE4565D3-4EB2-40DF-B9F0-EF2557F6FBCC}"
EndProject
Project("{9A19103F-16F7-4668-BE54-9A1E7A4F7556}") = "Tyuiu.GizatullinAP.Sprint0.Task2.V0.Test", "Tyuiu.GizatullinAP.Sprint0.Task2.V0.Test\Tyuiu.GizatullinAP.Sprint0.Task2.V0.Test.csproj", "{0FB710CA-4D77-4A12-A624-8B756566C694}"
EndProject
Project("{2150E333-8FDC-42A3-9474-1A3956D46DE8}") = "Task3", "Task3", "{59C57674-4182-473F-8CCF-15B821E2522B}"
EndProject
Project("{9A19103F-16F7-4668-BE54-9A1E7A4F7556}") = "Tyuiu.GizatullinAP.Sprint0.Task3.V0.Test", "Tyuiu.GizatullinAP.Sprint0.Task3.V0.Test\Tyuiu.GizatullinAP.Sprint0.Task3.V0.Test.csproj", "{8E0C92C8-88F6-4D4C-AB1B-D6279E5835E3}"
EndProject
Project("{9A19103F-16F7-4668-BE54-9A1E7A4F7556}") = "Tyuiu.GizatullinAP.Sprint0.Task3.V0", "Tyuiu.GizatullinAP.Sprint0.Task3.V0\Tyuiu.GizatullinAP.Sprint0.Task3.V0.csproj", "{E5C3F6C8-A1D6-45DC-8D46-3EFEAAB932A0}"
EndProject
Project("{9A19103F-16F7-4668-BE54-9A1E7A4F7556}") = "Tyuiu.GizatullinAP.Sprint0.Task3.V0.Lib", "Tyuiu.GizatullinAP.Sprint0.Task3.V0.Lib\Tyuiu.GizatullinAP.Sprint0.Task3.V0.Lib.csproj", "{2AB5E2ED-F509-459D-8188-AA48DE7DCFC5}"
EndProject
Project("{2150E333-8FDC-42A3-9474-1A3956D46DE8}") = "Task4", "Task4", "{B360D61B-9903-4EDD-A25E-D67894087ACD}"
EndProject
Project("{FAE04EC0-301F-11D3-BF4B-00C04F79EFBC}") = "Tyuiu.GizatullinAP.Sprint0.Task4.V0.Lib", "Tyuiu.GizatullinAP.Sprint0.Task4.V0.Lib\Tyuiu.GizatullinAP.Sprint0.Task4.V0.Lib.csproj", "{16834378-3F97-47EB-8E27-0B0857C430AF}"
EndProject
Project("{FAE04EC0-301F-11D3-BF4B-00C04F79EFBC}") = "Tyuiu.GizatullinAP.Sprint0.Task4.V0", "Tyuiu.GizatullinAP.Sprint0.Task4.V0\Tyuiu.GizatullinAP.Sprint0.Task4.V0.csproj", "{CAA3C4E4-1160-413F-9EB8-000FA66D3D1F}"
EndProject
Project("{FAE04EC0-301F-11D3-BF4B-00C04F79EFBC}") = "Tyuiu.GizatullinAP.Sprint0.Task4.V0.Test", "Tyuiu.GizatullinAP.Sprint0.Task4.V0.Test\Tyuiu.GizatullinAP.Sprint0.Task4.V0.Test.csproj", "{8E52E48E-FEBF-4432-92C6-5E8ACD4478F4}"
EndProject
Project("{2150E333-8FDC-42A3-9474-1A3956D46DE8}") = "Task5", "Task5", "{1A4084A8-0B51-44D0-9117-80A08C2577C8}"
EndProject
Project("{FAE04EC0-301F-11D3-BF4B-00C04F79EFBC}") = "Tyuiu.GizatullinAP.Sprint0.Task5.V0.Test", "Tyuiu.GizatullinAP.Sprint0.Task5.V0.Test\Tyuiu.GizatullinAP.Sprint0.Task5.V0.Test.csproj", "{9A60ADDE-8A2C-41EF-AE48-810A9EE158FA}"
EndProject
Project("{FAE04EC0-301F-11D3-BF4B-00C04F79EFBC}") = "Tyuiu.GizatullinAP.Sprint0.Task5.V0", "Tyuiu.GizatullinAP.Sprint0.Task5.V0\Tyuiu.GizatullinAP.Sprint0.Task5.V0.csproj", "{0A4D6400-77D5-42A4-8A50-F195BC310488}"
EndProject
Project("{FAE04EC0-301F-11D3-BF4B-00C04F79EFBC}") = "Tyuiu.GizatullinAP.Sprint0.Task5.V0.Lib", "Tyuiu.GizatullinAP.Sprint0.Task5.V0.Lib\Tyuiu.GizatullinAP.Sprint0.Task5.V0.Lib.csproj", "{0B596536-1820-42C6-9F4B-5A6EC7449B39}"
EndProject
Global
	GlobalSection(SolutionConfigurationPlatforms) = preSolution
		Debug|Any CPU = Debug|Any CPU
		Release|Any CPU = Release|Any CPU
	EndGlobalSection
	GlobalSection(ProjectConfigurationPlatforms) = postSolution
		{C51C3B51-B00A-4A7B-9C63-479A3E2914EC}.Debug|Any CPU.ActiveCfg = Debug|Any CPU
		{C51C3B51-B00A-4A7B-9C63-479A3E2914EC}.Debug|Any CPU.Build.0 = Debug|Any CPU
		{C51C3B51-B00A-4A7B-9C63-479A3E2914EC}.Release|Any CPU.ActiveCfg = Release|Any CPU
		{C51C3B51-B00A-4A7B-9C63-479A3E2914EC}.Release|Any CPU.Build.0 = Release|Any CPU
		{20891228-1772-48EB-980A-F981CDB461DD}.Debug|Any CPU.ActiveCfg = Debug|Any CPU
		{20891228-1772-48EB-980A-F981CDB461DD}.Debug|Any CPU.Build.0 = Debug|Any CPU
		{20891228-1772-48EB-980A-F981CDB461DD}.Release|Any CPU.ActiveCfg = Release|Any CPU
		{20891228-1772-48EB-980A-F981CDB461DD}.Release|Any CPU.Build.0 = Release|Any CPU
		{6CB8D7D1-92E1-45AB-A07C-28946227B627}.Debug|Any CPU.ActiveCfg = Debug|Any CPU
		{6CB8D7D1-92E1-45AB-A07C-28946227B627}.Debug|Any CPU.Build.0 = Debug|Any CPU
		{6CB8D7D1-92E1-45AB-A07C-28946227B627}.Release|Any CPU.ActiveCfg = Release|Any CPU
		{6CB8D7D1-92E1-45AB-A07C-28946227B627}.Release|Any CPU.Build.0 = Release|Any CPU
		{BE4565D3-4EB2-40DF-B9F0-EF2557F6FBCC}.Debug|Any CPU.ActiveCfg = Debug|Any CPU
		{BE4565D3-4EB2-40DF-B9F0-EF2557F6FBCC}.Debug|Any CPU.Build.0 = Debug|Any CPU
		{BE4565D3-4EB2-40DF-B9F0-EF2557F6FBCC}.Release|Any CPU.ActiveCfg = Release|Any CPU
		{BE4565D3-4EB2-40DF-B9F0-EF2557F6FBCC}.Release|Any CPU.Build.0 = Release|Any CPU
		{0FB710CA-4D77-4A12-A624-8B756566C694}.Debug|Any CPU.ActiveCfg = Debug|Any CPU
		{0FB710CA-4D77-4A12-A624-8B756566C694}.Debug|Any CPU.Build.0 = Debug|Any CPU
		{0FB710CA-4D77-4A12-A624-8B756566C694}.Release|Any CPU.ActiveCfg = Release|Any CPU
		{0FB710CA-4D77-4A12-A624-8B756566C694}.Release|Any CPU.Build.0 = Release|Any CPU
		{8E0C92C8-88F6-4D4C-AB1B-D6279E5835E3}.Debug|Any CPU.ActiveCfg = Debug|Any CPU
		{8E0C92C8-88F6-4D4C-AB1B-D6279E5835E3}.Debug|Any CPU.Build.0 = Debug|Any CPU
		{8E0C92C8-88F6-4D4C-AB1B-D6279E5835E3}.Release|Any CPU.ActiveCfg = Release|Any CPU
		{8E0C92C8-88F6-4D4C-AB1B-D6279E5835E3}.Release|Any CPU.Build.0 = Release|Any CPU
		{E5C3F6C8-A1D6-45DC-8D46-3EFEAAB932A0}.Debug|Any CPU.ActiveCfg = Debug|Any CPU
		{E5C3F6C8-A1D6-45DC-8D46-3EFEAAB932A0}.Debug|Any CPU.Build.0 = Debug|Any CPU
		{E5C3F6C8-A1D6-45DC-8D46-3EFEAAB932A0}.Release|Any CPU.ActiveCfg = Release|Any CPU
		{E5C3F6C8-A1D6-45DC-8D46-3EFEAAB932A0}.Release|Any CPU.Build.0 = Release|Any CPU
		{2AB5E2ED-F509-459D-8188-AA48DE7DCFC5}.Debug|Any CPU.ActiveCfg = Debug|Any CPU
		{2AB5E2ED-F509-459D-8188-AA48DE7DCFC5}.Debug|Any CPU.Build.0 = Debug|Any CPU
		{2AB5E2ED-F509-459D-8188-AA48DE7DCFC5}.Release|Any CPU.ActiveCfg = Release|Any CPU
		{2AB5E2ED-F509-459D-8188-AA48DE7DCFC5}.Release|Any CPU.Build.0 = Release|Any CPU
		{16834378-3F97-47EB-8E27-0B0857C430AF}.Debug|Any CPU.ActiveCfg = Debug|Any CPU
		{16834378-3F97-47EB-8E27-0B0857C430AF}.Debug|Any CPU.Build.0 = Debug|Any CPU
		{16834378-3F97-47EB-8E27-0B0857C430AF}.Release|Any CPU.ActiveCfg = Release|Any CPU
		{16834378-3F97-47EB-8E27-0B0857C430AF}.Release|Any CPU.Build.0 = Release|Any CPU
		{CAA3C4E4-1160-413F-9EB8-000FA66D3D1F}.Debug|Any CPU.ActiveCfg = Debug|Any CPU
		{CAA3C4E4-1160-413F-9EB8-000FA66D3D1F}.Debug|Any CPU.Build.0 = Debug|Any CPU
		{CAA3C4E4-1160-413F-9EB8-000FA66D3D1F}.Release|Any CPU.ActiveCfg = Release|Any CPU
		{CAA3C4E4-1160-413F-9EB8-000FA66D3D1F}.Release|Any CPU.Build.0 = Release|Any CPU
		{8E52E48E-FEBF-4432-92C6-5E8ACD4478F4}.Debug|Any CPU.ActiveCfg = Debug|Any CPU
		{8E52E48E-FEBF-4432-92C6-5E8ACD4478F4}.Debug|Any CPU.Build.0 = Debug|Any CPU
		{8E52E48E-FEBF-4432-92C6-5E8ACD4478F4}.Release|Any CPU.ActiveCfg = Release|Any CPU
		{8E52E48E-FEBF-4432-92C6-5E8ACD4478F4}.Release|Any CPU.Build.0 = Release|Any CPU
		{9A60ADDE-8A2C-41EF-AE48-810A9EE158FA}.Debug|Any CPU.ActiveCfg = Debug|Any CPU
		{9A60ADDE-8A2C-41EF-AE48-810A9EE158FA}.Debug|Any CPU.Build.0 = Debug|Any CPU
		{9A60ADDE-8A2C-41EF-AE48-810A9EE158FA}.Release|Any CPU.ActiveCfg = Release|Any CPU
		{9A60ADDE-8A2C-41EF-AE48-810A9EE158FA}.Release|Any CPU.Build.0 = Release|Any CPU
		{0A4D6400-77D5-42A4-8A50-F195BC310488}.Debug|Any CPU.ActiveCfg = Debug|Any CPU
		{0A4D6400-77D5-42A4-8A50-F195BC310488}.Debug|Any CPU.Build.0 = Debug|Any CPU
		{0A4D6400-77D5-42A4-8A50-F195BC310488}.Release|Any CPU.ActiveCfg = Release|Any CPU
		{0A4D6400-77D5-42A4-8A50-F195BC310488}.Release|Any CPU.Build.0 = Release|Any CPU
		{0B596536-1820-42C6-9F4B-5A6EC7449B39}.Debug|Any CPU.ActiveCfg = Debug|Any CPU
		{0B596536-1820-42C6-9F4B-5A6EC7449B39}.Debug|Any CPU.Build.0 = Debug|Any CPU
		{0B596536-1820-42C6-9F4B-5A6EC7449B39}.Release|Any CPU.ActiveCfg = Release|Any CPU
		{0B596536-1820-42C6-9F4B-5A6EC7449B39}.Release|Any CPU.Build.0 = Release|Any CPU
	EndGlobalSection
	GlobalSection(SolutionProperties) = preSolution
		HideSolutionNode = FALSE
	EndGlobalSection
	GlobalSection(NestedProjects) = preSolution
		{C51C3B51-B00A-4A7B-9C63-479A3E2914EC} = {FA7297D9-8BAE-4C21-985F-FA9188ACB4BC}
		{20891228-1772-48EB-980A-F981CDB461DD} = {F3796280-E0A4-4587-B51D-08948F5E03CF}
		{6CB8D7D1-92E1-45AB-A07C-28946227B627} = {7371A664-B981-4B98-A85E-0A5968E34D7B}
		{BE4565D3-4EB2-40DF-B9F0-EF2557F6FBCC} = {7371A664-B981-4B98-A85E-0A5968E34D7B}
		{0FB710CA-4D77-4A12-A624-8B756566C694} = {7371A664-B981-4B98-A85E-0A5968E34D7B}
		{8E0C92C8-88F6-4D4C-AB1B-D6279E5835E3} = {59C57674-4182-473F-8CCF-15B821E2522B}
		{E5C3F6C8-A1D6-45DC-8D46-3EFEAAB932A0} = {59C57674-4182-473F-8CCF-15B821E2522B}
		{2AB5E2ED-F509-459D-8188-AA48DE7DCFC5} = {59C57674-4182-473F-8CCF-15B821E2522B}
		{16834378-3F97-47EB-8E27-0B0857C430AF} = {B360D61B-9903-4EDD-A25E-D67894087ACD}
		{CAA3C4E4-1160-413F-9EB8-000FA66D3D1F} = {B360D61B-9903-4EDD-A25E-D67894087ACD}
		{8E52E48E-FEBF-4432-92C6-5E8ACD4478F4} = {B360D61B-9903-4EDD-A25E-D67894087ACD}
		{9A60ADDE-8A2C-41EF-AE48-810A9EE158FA} = {1A4084A8-0B51-44D0-9117-80A08C2577C8}
		{0A4D6400-77D5-42A4-8A50-F195BC310488} = {1A4084A8-0B51-44D0-9117-80A08C2577C8}
		{0B596536-1820-42C6-9F4B-5A6EC7449B39} = {1A4084A8-0B51-44D0-9117-80A08C2577C8}
	EndGlobalSection
	GlobalSection(ExtensibilityGlobals) = postSolution
		SolutionGuid = {CBA6DAF2-4743-48F0-8503-25F98D8787BA}
	EndGlobalSection
EndGlobal
